{
  "originHash" : "0f5b92d3ff99dfe56ecc27a7374987a5806e5b4126fec8318f846e63285244df",
  "pins" : [
    {
      "identity" : "swift-argument-parser",
      "kind" : "remoteSourceControl",
      "location" : "https://github.com/apple/swift-argument-parser",
      "state" : {
        "revision" : "6a52f3251125d74daf04fcbd5e6f08a75d074382",
        "version" : "1.8.2"
      }
    },
    {
      "identity" : "swift-collections",
      "kind" : "remoteSourceControl",
      "location" : "https://github.com/apple/swift-collections",
      "state" : {
        "revision" : "a0cb0954ecb21e4e31b0070e6ed5674e8556685a",
        "version" : "1.6.0"
      }
    },
    {
      "identity" : "swift-http-types",
      "kind" : "remoteSourceControl",
      "location" : "https://github.com/apple/swift-http-types",
      "state" : {
        "revision" : "db774a277f60063a32d854f2980299caf06da041",
        "version" : "1.6.0"
      }
    },
    {
      "identity" : "swift-openapi-runtime",
      "kind" : "remoteSourceControl",
      "location" : "https://github.com/apple/swift-openapi-runtime",
      "state" : {
        "revision" : "3d3a8457661daf7fb260ceeb9f0e24e5204ba5fb",
        "version" : "1.12.0"
      }
    },
    {
      "identity" : "swift-openapi-urlsession",
      "kind" : "remoteSourceControl",
      "location" : "https://github.com/apple/swift-openapi-urlsession",
      "state" : {
        "revision" : "576a65b4ffb8c12ddad4950dc21eea2ef071bec2",
        "version" : "1.3.0"
      }
    },
    {
      "identity" : "swiftterm",
      "kind" : "remoteSourceControl",
      "location" : "https://github.com/migueldeicaza/SwiftTerm.git",
      "state" : {
        "revision" : "5c83a9d214e7354697624c11deb4e488bdcfabad",
        "version" : "1.10.1"
      }
    },
    {
      "identity" : "yams",
      "kind" : "remoteSourceControl",
      "location" : "https://github.com/jpsim/Yams",
      "state" : {
        "revision" : "a27b21e0c81c5bf42049b897a62aaf387e80f279",
        "version" : "6.2.2"
      }
    }
  ],
  "version" : 3
}
